// !$*UTF8*$!
{
	archiveVersion = 1;
	classes = {
	};
	objectVersion = 70;
	objects = {

/* Begin PBXFileReference section */
		A0AB12D40F6645A7844150D0 /* Mimiq.app */ = {isa = PBXFileReference; explicitFileType = wrapper.application; includeInIndex = 0; path = Mimiq.app; sourceTree = BUILT_PRODUCTS_DIR; };
		BB2A3F1C8D9E4B5C6A7F8E9D /* MimiqTests.xctest */ = {isa = PBXFileReference; explicitFileType = wrapper.cfbundle; includeInIndex = 0; path = MimiqTests.xctest; sourceTree = BUILT_PRODUCTS_DIR; };
/* End PBXFileReference section */

/* Begin PBXFileSystemSynchronizedBuildFileExceptionSet section */
		737408302F8F4FFC0003C299 /* PBXFileSystemSynchronizedBuildFileExceptionSet */ = {
			isa = PBXFileSystemSynchronizedBuildFileExceptionSet;
			membershipExceptions = (
				Resources/Info.plist,
			);
			target = 6727086524D744E182895399 /* Mimiq */;
		};
/* End PBXFileSystemSynchronizedBuildFileExceptionSet section */

/* Begin PBXFileSystemSynchronizedRootGroup section */
		9E0A2D62DDAC4EDA9E42C178 /* Mimiq */ = {isa = PBXFileSystemSynchronizedRootGroup; exceptions = (737408302F8F4FFC0003C299 /* PBXFileSystemSynchronizedBuildFileExceptionSet */, ); explicitFileTypes = {}; explicitFolders = (); path = Mimiq; sourceTree = "<group>"; };
		CC3B4A2D9E0F5C6D7B8A9F0E /* MimiqTests */ = {isa = PBXFileSystemSynchronizedRootGroup; explicitFileTypes = {}; explicitFolders = (); path = MimiqTests; sourceTree = "<group>"; };
/* End PBXFileSystemSynchronizedRootGroup section */

/* Begin PBXContainerItemProxy section */
		DD4C5B3E0F1A6D7E8C9B0A1F /* PBXContainerItemProxy */ = {
			isa = PBXContainerItemProxy;
			containerPortal = 9C972F28E2BF4E56BBA1128A /* Project object */;
			proxyType = 1;
			remoteGlobalIDString = 6727086524D744E182895399;
			remoteInfo = Mimiq;
		};
/* End PBXContainerItemProxy section */

/* Begin PBXFrameworksBuildPhase section */
		6075D8D963404FE7AB921135 /* Frameworks */ = {
			isa = PBXFrameworksBuildPhase;
			buildActionMask = 2147483647;
			files = (
			);
			runOnlyForDeploymentPostprocessing = 0;
		};
		FF6E7D5A2B3C8F9A0E1D2C3B /* Frameworks */ = {
			isa = PBXFrameworksBuildPhase;
			buildActionMask = 2147483647;
			files = (
			);
			runOnlyForDeploymentPostprocessing = 0;
		};
/* End PBXFrameworksBuildPhase section */

/* Begin PBXGroup section */
		2B0F163E6EBB497FB8DD559E = {
			isa = PBXGroup;
			children = (
				9E0A2D62DDAC4EDA9E42C178 /* Mimiq */,
				CC3B4A2D9E0F5C6D7B8A9F0E /* MimiqTests */,
				4CFE78D5CC3845ADA658E663 /* Products */,
			);
			sourceTree = "<group>";
		};
		4CFE78D5CC3845ADA658E663 /* Products */ = {
			isa = PBXGroup;
			children = (
				A0AB12D40F6645A7844150D0 /* Mimiq.app */,
				BB2A3F1C8D9E4B5C6A7F8E9D /* MimiqTests.xctest */,
			);
			name = Products;
			sourceTree = "<group>";
		};
/* End PBXGroup section */

/* Begin PBXNativeTarget section */
		6727086524D744E182895399 /* Mimiq */ = {
			isa = PBXNativeTarget;
			buildConfigurationList = 52B8F9CDC9F64D70A2835A11 /* Build configuration list for PBXNativeTarget "Mimiq" */;
			buildPhases = (
				28AF45989A1F4A2AB8A09F35 /* Sources */,
				6075D8D963404FE7AB921135 /* Frameworks */,
				370CDB3E478149298782A7AD /* Resources */,
			);
			buildRules = (
			);
			dependencies = (
			);
			fileSystemSynchronizedGroups = (
				9E0A2D62DDAC4EDA9E42C178 /* Mimiq */,
			);
			name = Mimiq;
			packageProductDependencies = (
			);
			productName = Mimiq;
			productReference = A0AB12D40F6645A7844150D0 /* Mimiq.app */;
			productType = "com.apple.product-type.application";
		};
		BB8A9F7C4D5E0B1C2A3F4E5D /* MimiqTests */ = {
			isa = PBXNativeTarget;
			buildConfigurationList = CC9B0A8D5E6F1C2D3B4A5F6E /* Build configuration list for PBXNativeTarget "MimiqTests" */;
			buildPhases = (
				AA7F8E6B3C4D9A0B1F2E3D4C /* Sources */,
				FF6E7D5A2B3C8F9A0E1D2C3B /* Frameworks */,
			);
			buildRules = (
			);
			dependencies = (
				EE5D6C4F1A2B7E8F9D0C1B2A /* PBXTargetDependency */,
			);
			fileSystemSynchronizedGroups = (
				CC3B4A2D9E0F5C6D7B8A9F0E /* MimiqTests */,
			);
			name = MimiqTests;
			productName = MimiqTests;
			productReference = BB2A3F1C8D9E4B5C6A7F8E9D /* MimiqTests.xctest */;
			productType = "com.apple.product-type.bundle.unit-test";
		};
/* End PBXNativeTarget section */

/* Begin PBXProject section */
		9C972F28E2BF4E56BBA1128A /* Project object */ = {
			isa = PBXProject;
			attributes = {
				BuildIndependentTargetsInParallel = 1;
				LastSwiftUpdateCheck = 1620;
				LastUpgradeCheck = 1620;
				TargetAttributes = {
					6727086524D744E182895399 = {
						CreatedOnToolsVersion = 16.2;
					};
					BB8A9F7C4D5E0B1C2A3F4E5D = {
						CreatedOnToolsVersion = 16.2;
						TestTargetID = 6727086524D744E182895399;
					};
				};
			};
			buildConfigurationList = 6659D36DDCE94739B8A92C51 /* Build configuration list for PBXProject "Mimiq" */;
			compatibilityVersion = "Xcode 14.0";
			developmentRegion = en;
			hasScannedForEncodings = 0;
			knownRegions = (
				en,
				Base,
			);
			mainGroup = 2B0F163E6EBB497FB8DD559E;
			productRefGroup = 4CFE78D5CC3845ADA658E663 /* Products */;
			projectDirPath = "";
			projectRoot = "";
			targets = (
				6727086524D744E182895399 /* Mimiq */,
				BB8A9F7C4D5E0B1C2A3F4E5D /* MimiqTests */,
			);
		};
/* End PBXProject section */

/* Begin PBXResourcesBuildPhase section */
		370CDB3E478149298782A7AD /* Resources */ = {
			isa = PBXResourcesBuildPhase;
			buildActionMask = 2147483647;
			files = (
			);
			runOnlyForDeploymentPostprocessing = 0;
		};
/* End PBXResourcesBuildPhase section */

/* Begin PBXSourcesBuildPhase section */
		28AF45989A1F4A2AB8A09F35 /* Sources */ = {
			isa = PBXSourcesBuildPhase;
			buildActionMask = 2147483647;
			files = (
			);
			runOnlyForDeploymentPostprocessing = 0;
		};
		AA7F8E6B3C4D9A0B1F2E3D4C /* Sources */ = {
			isa = PBXSourcesBuildPhase;
			buildActionMask = 2147483647;
			files = (
			);
			runOnlyForDeploymentPostprocessing = 0;
		};
/* End PBXSourcesBuildPhase section */

/* Begin PBXTargetDependency section */
		EE5D6C4F1A2B7E8F9D0C1B2A /* PBXTargetDependency */ = {
			isa = PBXTargetDependency;
			target = 6727086524D744E182895399 /* Mimiq */;
			targetProxy = DD4C5B3E0F1A6D7E8C9B0A1F /* PBXContainerItemProxy */;
		};
/* End PBXTargetDependency section */

/* Begin XCBuildConfiguration section */
		1368FB09120B42CABC68348A /* Debug */ = {
			isa = XCBuildConfiguration;
			buildSettings = {
				ASSETCATALOG_COMPILER_APPICON_NAME = AppIcon;
				ASSETCATALOG_COMPILER_GLOBAL_ACCENT_COLOR_NAME = AccentColor;
				CODE_SIGN_ENTITLEMENTS = Mimiq/Mimiq.entitlements;
				CODE_SIGN_STYLE = Automatic;
				CURRENT_PROJECT_VERSION = 1;
				ENABLE_PREVIEWS = YES;
				GENERATE_INFOPLIST_FILE = NO;
				INFOPLIST_FILE = Mimiq/Resources/Info.plist;
				LD_RUNPATH_SEARCH_PATHS = (
					"$(inherited)",
					"@executable_path/Frameworks",
				);
				MARKETING_VERSION = 1.0;
				PRODUCT_BUNDLE_IDENTIFIER = com.rhearao.Mimiq;
				PRODUCT_NAME = Mimiq;
				SWIFT_EMIT_LOC_STRINGS = YES;
				SWIFT_VERSION = 5.0;
				TARGETED_DEVICE_FAMILY = "1,2";
			};
			name = Debug;
		};
		4A8E559CBE6644AA99BF4736 /* Debug */ = {
			isa = XCBuildConfiguration;
			buildSettings = {
				ALWAYS_SEARCH_USER_PATHS = NO;
				CLANG_ANALYZER_NONNULL = YES;
				CLANG_CXX_LANGUAGE_STANDARD = "gnu++20";
				CLANG_ENABLE_MODULES = YES;
				CLANG_ENABLE_OBJC_ARC = YES;
				COPY_PHASE_STRIP = NO;
				DEBUG_INFORMATION_FORMAT = dwarf;
				ENABLE_TESTABILITY = YES;
				ENABLE_USER_SCRIPT_SANDBOXING = YES;
				GCC_C_LANGUAGE_STANDARD = gnu17;
				GCC_DYNAMIC_NO_PIC = NO;
				GCC_NO_COMMON_BLOCKS = YES;
				GCC_OPTIMIZATION_LEVEL = 0;
				GCC_PREPROCESSOR_DEFINITIONS = (
					"DEBUG=1",
					"$(inherited)",
				);
				GCC_WARN_ABOUT_RETURN_TYPE = YES_ERROR;
				IPHONEOS_DEPLOYMENT_TARGET = 17.0;
				MTL_ENABLE_DEBUG_INFO = INCLUDE_SOURCE;
				MTL_FAST_MATH = YES;
				ONLY_ACTIVE_ARCH = YES;
				SDKROOT = iphoneos;
				SWIFT_ACTIVE_COMPILATION_CONDITIONS = "DEBUG $(inherited)";
				SWIFT_OPTIMIZATION_LEVEL = "-Onone";
			};
			name = Debug;
		};
		52CFF7835D354C0CBED5364B /* Release */ = {
			isa = XCBuildConfiguration;
			buildSettings = {
				ASSETCATALOG_COMPILER_APPICON_NAME = AppIcon;
				ASSETCATALOG_COMPILER_GLOBAL_ACCENT_COLOR_NAME = AccentColor;
				CODE_SIGN_ENTITLEMENTS = Mimiq/Mimiq.entitlements;
				CODE_SIGN_STYLE = Automatic;
				CURRENT_PROJECT_VERSION = 1;
				ENABLE_PREVIEWS = YES;
				GENERATE_INFOPLIST_FILE = NO;
				INFOPLIST_FILE = Mimiq/Resources/Info.plist;
				LD_RUNPATH_SEARCH_PATHS = (
					"$(inherited)",
					"@executable_path/Frameworks",
				);
				MARKETING_VERSION = 1.0;
				PRODUCT_BUNDLE_IDENTIFIER = com.rhearao.Mimiq;
				PRODUCT_NAME = Mimiq;
				SWIFT_EMIT_LOC_STRINGS = YES;
				SWIFT_VERSION = 5.0;
				TARGETED_DEVICE_FAMILY = "1,2";
			};
			name = Release;
		};
		A9C1B03E98CD478CAA3A8BD7 /* Release */ = {
			isa = XCBuildConfiguration;
			buildSettings = {
				ALWAYS_SEARCH_USER_PATHS = NO;
				CLANG_ANALYZER_NONNULL = YES;
				CLANG_CXX_LANGUAGE_STANDARD = "gnu++20";
				CLANG_ENABLE_MODULES = YES;
				CLANG_ENABLE_OBJC_ARC = YES;
				COPY_PHASE_STRIP = NO;
				DEBUG_INFORMATION_FORMAT = "dwarf-with-dsym";
				ENABLE_NS_ASSERTIONS = NO;
				ENABLE_USER_SCRIPT_SANDBOXING = YES;
				GCC_C_LANGUAGE_STANDARD = gnu17;
				GCC_NO_COMMON_BLOCKS = YES;
				GCC_WARN_ABOUT_RETURN_TYPE = YES_ERROR;
				IPHONEOS_DEPLOYMENT_TARGET = 17.0;
				MTL_FAST_MATH = YES;
				SDKROOT = iphoneos;
				SWIFT_COMPILATION_MODE = wholemodule;
				VALIDATE_PRODUCT = YES;
			};
			name = Release;
		};
		DD0C1B9E6F7A2D3E4C5B6A7F /* Debug */ = {
			isa = XCBuildConfiguration;
			buildSettings = {
				BUNDLE_LOADER = "$(TEST_HOST)";
				CODE_SIGN_STYLE = Automatic;
				CURRENT_PROJECT_VERSION = 1;
				GENERATE_INFOPLIST_FILE = YES;
				IPHONEOS_DEPLOYMENT_TARGET = 17.0;
				MARKETING_VERSION = 1.0;
				PRODUCT_BUNDLE_IDENTIFIER = com.rhearao.MimiqTests;
				PRODUCT_NAME = "$(TARGET_NAME)";
				SDKROOT = iphoneos;
				SWIFT_VERSION = 5.0;
				TARGETED_DEVICE_FAMILY = "1,2";
				TEST_HOST = "$(BUILT_PRODUCTS_DIR)/Mimiq.app/$(BUNDLE_EXECUTABLE_FOLDER_PATH)/Mimiq";
			};
			name = Debug;
		};
		EE1D2C0F7A8B3E4F5D6C7B8A /* Release */ = {
			isa = XCBuildConfiguration;
			buildSettings = {
				BUNDLE_LOADER = "$(TEST_HOST)";
				CODE_SIGN_STYLE = Automatic;
				CURRENT_PROJECT_VERSION = 1;
				GENERATE_INFOPLIST_FILE = YES;
				IPHONEOS_DEPLOYMENT_TARGET = 17.0;
				MARKETING_VERSION = 1.0;
				PRODUCT_BUNDLE_IDENTIFIER = com.rhearao.MimiqTests;
				PRODUCT_NAME = "$(TARGET_NAME)";
				SDKROOT = iphoneos;
				SWIFT_VERSION = 5.0;
				TARGETED_DEVICE_FAMILY = "1,2";
				TEST_HOST = "$(BUILT_PRODUCTS_DIR)/Mimiq.app/$(BUNDLE_EXECUTABLE_FOLDER_PATH)/Mimiq";
			};
			name = Release;
		};
/* End XCBuildConfiguration section */

/* Begin XCConfigurationList section */
		52B8F9CDC9F64D70A2835A11 /* Build configuration list for PBXNativeTarget "Mimiq" */ = {
			isa = XCConfigurationList;
			buildConfigurations = (
				1368FB09120B42CABC68348A /* Debug */,
				52CFF7835D354C0CBED5364B /* Release */,
			);
			defaultConfigurationIsVisible = 0;
			defaultConfigurationName = Release;
		};
		6659D36DDCE94739B8A92C51 /* Build configuration list for PBXProject "Mimiq" */ = {
			isa = XCConfigurationList;
			buildConfigurations = (
				4A8E559CBE6644AA99BF4736 /* Debug */,
				A9C1B03E98CD478CAA3A8BD7 /* Release */,
			);
			defaultConfigurationIsVisible = 0;
			defaultConfigurationName = Release;
		};
		CC9B0A8D5E6F1C2D3B4A5F6E /* Build configuration list for PBXNativeTarget "MimiqTests" */ = {
			isa = XCConfigurationList;
			buildConfigurations = (
				DD0C1B9E6F7A2D3E4C5B6A7F /* Debug */,
				EE1D2C0F7A8B3E4F5D6C7B8A /* Release */,
			);
			defaultConfigurationIsVisible = 0;
			defaultConfigurationName = Release;
		};
/* End XCConfigurationList section */
	};
	rootObject = 9C972F28E2BF4E56BBA1128A /* Project object */;
}
